
Microsoft Visual Studio Solution File, Format Version 12.00
# Visual Studio Version 17
VisualStudioVersion = 17.11.35222.181
MinimumVisualStudioVersion = 10.0.40219.1
Project("{FAE04EC0-301F-11D3-BF4B-00C04F79EFBC}") = "Quiz Jatek", "Quiz Jatek\Quiz Jatek.csproj", "{D03EE34D-501B-48C4-956D-07C02FCAD812}"
EndProject
Global
	GlobalSection(SolutionConfigurationPlatforms) = preSolution
		Debug|Any CPU = Debug|Any CPU
		Release|Any CPU = Release|Any CPU
	EndGlobalSection
	GlobalSection(ProjectConfigurationPlatforms) = postSolution
		{D03EE34D-501B-48C4-956D-07C02FCAD812}.Debug|Any CPU.ActiveCfg = Debug|Any CPU
		{D03EE34D-501B-48C4-956D-07C02FCAD812}.Debug|Any CPU.Build.0 = Debug|Any CPU
		{D03EE34D-501B-48C4-956D-07C02FCAD812}.Release|Any CPU.ActiveCfg = Release|Any CPU
		{D03EE34D-501B-48C4-956D-07C02FCAD812}.Release|Any CPU.Build.0 = Release|Any CPU
	EndGlobalSection
	GlobalSection(SolutionProperties) = preSolution
		HideSolutionNode = FALSE
	EndGlobalSection
	GlobalSection(ExtensibilityGlobals) = postSolution
		SolutionGuid = {3DB2C2BC-2A5E-4597-979A-E4FD6511048A}
	EndGlobalSection
EndGlobal
